# @generated - this file is auto-generated by `mise lock` https://mise.jdx.dev/dev-tools/mise-lock.html

[[tools."aqua:FiloSottile/age"]]
version = "1.3.1"
backend = "aqua:FiloSottile/age"

[tools."aqua:FiloSottile/age"."platforms.linux-arm64"]
checksum = "sha256:c6878a324421b69e3e20b00ba17c04bc5c6dab0030cfe55bf8f68fa8d9e9093a"
url = "https://github.com/FiloSottile/age/releases/download/v1.3.1/age-v1.3.1-linux-arm64.tar.gz"
url_api = "https://api.github.com/repos/FiloSottile/age/releases/assets/333752668"
provenance = "github-attestations"

[tools."aqua:FiloSottile/age"."platforms.linux-arm64-musl"]
checksum = "sha256:c6878a324421b69e3e20b00ba17c04bc5c6dab0030cfe55bf8f68fa8d9e9093a"
url = "https://github.com/FiloSottile/age/releases/download/v1.3.1/age-v1.3.1-linux-arm64.tar.gz"
url_api = "https://api.github.com/repos/FiloSottile/age/releases/assets/333752668"
provenance = "github-attestations"

[tools."aqua:FiloSottile/age"."platforms.linux-x64"]
checksum = "sha256:bdc69c09cbdd6cf8b1f333d372a1f58247b3a33146406333e30c0f26e8f51377"
url = "https://github.com/FiloSottile/age/releases/download/v1.3.1/age-v1.3.1-linux-amd64.tar.gz"
url_api = "https://api.github.com/repos/FiloSottile/age/releases/assets/333752671"
provenance = "github-attestations"

[tools."aqua:FiloSottile/age"."platforms.linux-x64-musl"]
checksum = "sha256:bdc69c09cbdd6cf8b1f333d372a1f58247b3a33146406333e30c0f26e8f51377"
url = "https://github.com/FiloSottile/age/releases/download/v1.3.1/age-v1.3.1-linux-amd64.tar.gz"
url_api = "https://api.github.com/repos/FiloSottile/age/releases/assets/333752671"
provenance = "github-attestations"

[tools."aqua:FiloSottile/age"."platforms.macos-arm64"]
checksum = "sha256:01120ea2cbf0463d4c6bd767f99f3271bbed1cdc8a9aa718a76ba1fe4f01998b"
url = "https://github.com/FiloSottile/age/releases/download/v1.3.1/age-v1.3.1-darwin-arm64.tar.gz"
url_api = "https://api.github.com/repos/FiloSottile/age/releases/assets/333752669"
provenance = "github-attestations"

[tools."aqua:FiloSottile/age"."platforms.macos-x64"]
checksum = "sha256:2b233301ad21ab7b1eabd9ae1198a164005fa4928fcdd745d47c39f8593209d7"
url = "https://github.com/FiloSottile/age/releases/download/v1.3.1/age-v1.3.1-darwin-amd64.tar.gz"
url_api = "https://api.github.com/repos/FiloSottile/age/releases/assets/343881260"
provenance = "github-attestations"

[tools."aqua:FiloSottile/age"."platforms.windows-x64"]
checksum = "sha256:c56e8ce22f7e80cb85ad946cc82d198767b056366201d3e1a2b93d865be38154"
url = "https://github.com/FiloSottile/age/releases/download/v1.3.1/age-v1.3.1-windows-amd64.zip"
url_api = "https://api.github.com/repos/FiloSottile/age/releases/assets/333752673"
provenance = "github-attestations"

[[tools."aqua:aquasecurity/trivy"]]
version = "0.73.0"
backend = "aqua:aquasecurity/trivy"

[tools."aqua:aquasecurity/trivy"."platforms.linux-arm64"]
checksum = "sha256:13833d97e8a1a5367471c372a173180157f593bece570e20d5d925fef552f5dd"
url = "https://github.com/aquasecurity/trivy/releases/download/v0.73.0/trivy_0.73.0_Linux-ARM64.tar.gz"
url_api = "https://api.github.com/repos/aquasecurity/trivy/releases/assets/499939954"
provenance = "cosign"

[tools."aqua:aquasecurity/trivy"."platforms.linux-arm64-musl"]
checksum = "sha256:13833d97e8a1a5367471c372a173180157f593bece570e20d5d925fef552f5dd"
url = "https://github.com/aquasecurity/trivy/releases/download/v0.73.0/trivy_0.73.0_Linux-ARM64.tar.gz"
url_api = "https://api.github.com/repos/aquasecurity/trivy/releases/assets/499939954"
provenance = "cosign"

[tools."aqua:aquasecurity/trivy"."platforms.linux-x64"]
checksum = "sha256:2edd39da482bb4e9831962487b68f68e3928ec3137794757f54d00383d79547b"
url = "https://github.com/aquasecurity/trivy/releases/download/v0.73.0/trivy_0.73.0_Linux-64bit.tar.gz"
url_api = "https://api.github.com/repos/aquasecurity/trivy/releases/assets/499939909"
provenance = "cosign"

[tools."aqua:aquasecurity/trivy"."platforms.linux-x64-musl"]
checksum = "sha256:2edd39da482bb4e9831962487b68f68e3928ec3137794757f54d00383d79547b"
url = "https://github.com/aquasecurity/trivy/releases/download/v0.73.0/trivy_0.73.0_Linux-64bit.tar.gz"
url_api = "https://api.github.com/repos/aquasecurity/trivy/releases/assets/499939909"
provenance = "cosign"

[tools."aqua:aquasecurity/trivy"."platforms.macos-arm64"]
checksum = "sha256:80cc25faaf6378e37701202d0b4f9f43d9e413d198d594ba60fdf559fe44a683"
url = "https://github.com/aquasecurity/trivy/releases/download/v0.73.0/trivy_0.73.0_macOS-ARM64.tar.gz"
url_api = "https://api.github.com/repos/aquasecurity/trivy/releases/assets/499939985"
provenance = "cosign"

[tools."aqua:aquasecurity/trivy"."platforms.macos-x64"]
checksum = "sha256:d39d1374dd3e35d48621b82df9b6625fe69f9920cc67d2739ed81bb679f16f51"
url = "https://github.com/aquasecurity/trivy/releases/download/v0.73.0/trivy_0.73.0_macOS-64bit.tar.gz"
url_api = "https://api.github.com/repos/aquasecurity/trivy/releases/assets/499939988"
provenance = "cosign"

[tools."aqua:aquasecurity/trivy"."platforms.windows-x64"]
checksum = "sha256:d2d3ad5292aae470a03eb6506db86fce81b1894592b8451cadaf60eaa22f2025"
url = "https://github.com/aquasecurity/trivy/releases/download/v0.73.0/trivy_0.73.0_windows-64bit.zip"
url_api = "https://api.github.com/repos/aquasecurity/trivy/releases/assets/499939953"
provenance = "cosign"

[[tools."aqua:argoproj/argo-cd"]]
version = "2.14.1"
backend = "aqua:argoproj/argo-cd"

[tools."aqua:argoproj/argo-cd"."platforms.linux-arm64"]
checksum = "sha256:b7815040b02d03ccaa721cfcdff5786cd233b77cd3f9fc291c95ac85a0ba9faf"
url = "https://github.com/argoproj/argo-cd/releases/download/v2.14.1/argocd-linux-arm64"
url_api = "https://api.github.com/repos/argoproj/argo-cd/releases/assets/225984255"

[tools."aqua:argoproj/argo-cd"."platforms.linux-arm64".provenance.slsa]
url = "https://github.com/argoproj/argo-cd/releases/download/v2.14.1/argocd-cli.intoto.jsonl"

[tools."aqua:argoproj/argo-cd"."platforms.linux-arm64-musl"]
checksum = "sha256:b7815040b02d03ccaa721cfcdff5786cd233b77cd3f9fc291c95ac85a0ba9faf"
url = "https://github.com/argoproj/argo-cd/releases/download/v2.14.1/argocd-linux-arm64"
url_api = "https://api.github.com/repos/argoproj/argo-cd/releases/assets/225984255"

[tools."aqua:argoproj/argo-cd"."platforms.linux-arm64-musl".provenance.slsa]
url = "https://github.com/argoproj/argo-cd/releases/download/v2.14.1/argocd-cli.intoto.jsonl"

[tools."aqua:argoproj/argo-cd"."platforms.linux-x64"]
checksum = "sha256:3df8a0f614fac04624e591d0d232aae17d3cf0426c055dfff6ded6b79cf480a0"
url = "https://github.com/argoproj/argo-cd/releases/download/v2.14.1/argocd-linux-amd64"
url_api = "https://api.github.com/repos/argoproj/argo-cd/releases/assets/225984256"

[tools."aqua:argoproj/argo-cd"."platforms.linux-x64".provenance.slsa]
url = "https://github.com/argoproj/argo-cd/releases/download/v2.14.1/argocd-cli.intoto.jsonl"

[tools."aqua:argoproj/argo-cd"."platforms.linux-x64-musl"]
checksum = "sha256:3df8a0f614fac04624e591d0d232aae17d3cf0426c055dfff6ded6b79cf480a0"
url = "https://github.com/argoproj/argo-cd/releases/download/v2.14.1/argocd-linux-amd64"
url_api = "https://api.github.com/repos/argoproj/argo-cd/releases/assets/225984256"

[tools."aqua:argoproj/argo-cd"."platforms.linux-x64-musl".provenance.slsa]
url = "https://github.com/argoproj/argo-cd/releases/download/v2.14.1/argocd-cli.intoto.jsonl"

[tools."aqua:argoproj/argo-cd"."platforms.macos-arm64"]
checksum = "sha256:8cd7fbc8a8abe327069ae26a0022f76cd75af6aa71f21e0f42fb077f320f6c92"
url = "https://github.com/argoproj/argo-cd/releases/download/v2.14.1/argocd-darwin-arm64"
url_api = "https://api.github.com/repos/argoproj/argo-cd/releases/assets/225984247"

[tools."aqua:argoproj/argo-cd"."platforms.macos-arm64".provenance.slsa]
url = "https://github.com/argoproj/argo-cd/releases/download/v2.14.1/argocd-cli.intoto.jsonl"

[tools."aqua:argoproj/argo-cd"."platforms.macos-x64"]
checksum = "sha256:8c702a60a46b65fbf8dd2dc1eacdba4a1acbe7452e97204dc02e7e6750b0c433"
url = "https://github.com/argoproj/argo-cd/releases/download/v2.14.1/argocd-darwin-amd64"
url_api = "https://api.github.com/repos/argoproj/argo-cd/releases/assets/225984245"

[tools."aqua:argoproj/argo-cd"."platforms.macos-x64".provenance.slsa]
url = "https://github.com/argoproj/argo-cd/releases/download/v2.14.1/argocd-cli.intoto.jsonl"

[tools."aqua:argoproj/argo-cd"."platforms.windows-x64"]
checksum = "sha256:47b9b55384705ccf98387d0e41f555419fadc6b4a13ab9b4c48575c9a126e1ee"
url = "https://github.com/argoproj/argo-cd/releases/download/v2.14.1/argocd-windows-amd64.exe"
url_api = "https://api.github.com/repos/argoproj/argo-cd/releases/assets/225984248"

[tools."aqua:argoproj/argo-cd"."platforms.windows-x64".provenance.slsa]
url = "https://github.com/argoproj/argo-cd/releases/download/v2.14.1/argocd-cli.intoto.jsonl"

[[tools."aqua:bats-core/bats-core"]]
version = "1.14.0"
backend = "aqua:bats-core/bats-core"

[tools."aqua:bats-core/bats-core"."platforms.linux-arm64"]
url = "https://github.com/bats-core/bats-core/archive/refs/tags/v1.14.0.tar.gz"
url_api = "https://api.github.com/repos/bats-core/bats-core/tarball/v1.14.0"

[tools."aqua:bats-core/bats-core"."platforms.linux-arm64-musl"]
url = "https://github.com/bats-core/bats-core/archive/refs/tags/v1.14.0.tar.gz"
url_api = "https://api.github.com/repos/bats-core/bats-core/tarball/v1.14.0"

[tools."aqua:bats-core/bats-core"."platforms.linux-x64"]
checksum = "blake3:9b3dc5d296f3da85ce1062c7f9648c979cf2b982f0151f785eaa84d448dec779"
url = "https://github.com/bats-core/bats-core/archive/refs/tags/v1.14.0.tar.gz"
url_api = "https://api.github.com/repos/bats-core/bats-core/tarball/v1.14.0"

[tools."aqua:bats-core/bats-core"."platforms.linux-x64-musl"]
url = "https://github.com/bats-core/bats-core/archive/refs/tags/v1.14.0.tar.gz"
url_api = "https://api.github.com/repos/bats-core/bats-core/tarball/v1.14.0"

[tools."aqua:bats-core/bats-core"."platforms.macos-arm64"]
url = "https://github.com/bats-core/bats-core/archive/refs/tags/v1.14.0.tar.gz"
url_api = "https://api.github.com/repos/bats-core/bats-core/tarball/v1.14.0"

[tools."aqua:bats-core/bats-core"."platforms.macos-x64"]
url = "https://github.com/bats-core/bats-core/archive/refs/tags/v1.14.0.tar.gz"
url_api = "https://api.github.com/repos/bats-core/bats-core/tarball/v1.14.0"

[[tools."aqua:cilium/cilium-cli"]]
version = "0.19.7"
backend = "aqua:cilium/cilium-cli"

[tools."aqua:cilium/cilium-cli"."platforms.linux-arm64"]
checksum = "sha256:9482937f14061fb239f2dbb2f97f4103de1b101f5d5defbff319f294f9bd540f"
url = "https://github.com/cilium/cilium-cli/releases/download/v0.19.7/cilium-linux-arm64.tar.gz"
url_api = "https://api.github.com/repos/cilium/cilium-cli/releases/assets/493187079"

[tools."aqua:cilium/cilium-cli"."platforms.linux-arm64-musl"]
checksum = "sha256:9482937f14061fb239f2dbb2f97f4103de1b101f5d5defbff319f294f9bd540f"
url = "https://github.com/cilium/cilium-cli/releases/download/v0.19.7/cilium-linux-arm64.tar.gz"
url_api = "https://api.github.com/repos/cilium/cilium-cli/releases/assets/493187079"

[tools."aqua:cilium/cilium-cli"."platforms.linux-x64"]
checksum = "sha256:cd15e0983bf0acc7946cd05d453d1e58376ea92dec2642e745212df2b07d8852"
url = "https://github.com/cilium/cilium-cli/releases/download/v0.19.7/cilium-linux-amd64.tar.gz"
url_api = "https://api.github.com/repos/cilium/cilium-cli/releases/assets/493187085"

[tools."aqua:cilium/cilium-cli"."platforms.linux-x64-musl"]
checksum = "sha256:cd15e0983bf0acc7946cd05d453d1e58376ea92dec2642e745212df2b07d8852"
url = "https://github.com/cilium/cilium-cli/releases/download/v0.19.7/cilium-linux-amd64.tar.gz"
url_api = "https://api.github.com/repos/cilium/cilium-cli/releases/assets/493187085"

[tools."aqua:cilium/cilium-cli"."platforms.macos-arm64"]
checksum = "sha256:c9aaa1b033919d47a3dce37bc266f1f1e0bc7a4f87e5288fc80f6061ec58cb3b"
url = "https://github.com/cilium/cilium-cli/releases/download/v0.19.7/cilium-darwin-arm64.tar.gz"
url_api = "https://api.github.com/repos/cilium/cilium-cli/releases/assets/493187083"

[tools."aqua:cilium/cilium-cli"."platforms.macos-x64"]
checksum = "sha256:d45fcdb76535ff5439357f6ef9a5fe99a9acec76c1358dc828ddee6f276943d5"
url = "https://github.com/cilium/cilium-cli/releases/download/v0.19.7/cilium-darwin-amd64.tar.gz"
url_api = "https://api.github.com/repos/cilium/cilium-cli/releases/assets/493187078"

[tools."aqua:cilium/cilium-cli"."platforms.windows-x64"]
checksum = "sha256:332ccafa4ceb0c87caa61ac18b02fe35b9e5b6184ad14e92b95134b6c0fe7fb7"
url = "https://github.com/cilium/cilium-cli/releases/download/v0.19.7/cilium-windows-amd64.zip"
url_api = "https://api.github.com/repos/cilium/cilium-cli/releases/assets/493187077"

[[tools."aqua:getsops/sops"]]
version = "3.13.3"
backend = "aqua:getsops/sops"

[tools."aqua:getsops/sops"."platforms.linux-arm64"]
checksum = "sha256:53b0abacd38ef1b12a66d6c100956691b9cefce018d91f81e73ddf7438b94d77"
url = "https://github.com/getsops/sops/releases/download/v3.13.3/sops-v3.13.3.linux.arm64"
url_api = "https://api.github.com/repos/getsops/sops/releases/assets/486808229"

[tools."aqua:getsops/sops"."platforms.linux-arm64".provenance.slsa]
url = "https://github.com/getsops/sops/releases/download/v3.13.3/sops-v3.13.3.intoto.jsonl"

[tools."aqua:getsops/sops"."platforms.linux-arm64-musl"]
checksum = "sha256:53b0abacd38ef1b12a66d6c100956691b9cefce018d91f81e73ddf7438b94d77"
url = "https://github.com/getsops/sops/releases/download/v3.13.3/sops-v3.13.3.linux.arm64"
url_api = "https://api.github.com/repos/getsops/sops/releases/assets/486808229"

[tools."aqua:getsops/sops"."platforms.linux-arm64-musl".provenance.slsa]
url = "https://github.com/getsops/sops/releases/download/v3.13.3/sops-v3.13.3.intoto.jsonl"

[tools."aqua:getsops/sops"."platforms.linux-x64"]
checksum = "sha256:e5bec3346a873ae91d871550f3e698c1aad962aff462a080e40f25fde17fef6b"
url = "https://github.com/getsops/sops/releases/download/v3.13.3/sops-v3.13.3.linux.amd64"
url_api = "https://api.github.com/repos/getsops/sops/releases/assets/486808201"

[tools."aqua:getsops/sops"."platforms.linux-x64".provenance.slsa]
url = "https://github.com/getsops/sops/releases/download/v3.13.3/sops-v3.13.3.intoto.jsonl"

[tools."aqua:getsops/sops"."platforms.linux-x64-musl"]
checksum = "sha256:e5bec3346a873ae91d871550f3e698c1aad962aff462a080e40f25fde17fef6b"
url = "https://github.com/getsops/sops/releases/download/v3.13.3/sops-v3.13.3.linux.amd64"
url_api = "https://api.github.com/repos/getsops/sops/releases/assets/486808201"

[tools."aqua:getsops/sops"."platforms.linux-x64-musl".provenance.slsa]
url = "https://github.com/getsops/sops/releases/download/v3.13.3/sops-v3.13.3.intoto.jsonl"

[tools."aqua:getsops/sops"."platforms.macos-arm64"]
checksum = "sha256:b97c0d434aab577dc40310e8d22ff9e45eef4c80638ab978daae9b4681c59286"
url = "https://github.com/getsops/sops/releases/download/v3.13.3/sops-v3.13.3.darwin.arm64"
url_api = "https://api.github.com/repos/getsops/sops/releases/assets/486808198"

[tools."aqua:getsops/sops"."platforms.macos-arm64".provenance.slsa]
url = "https://github.com/getsops/sops/releases/download/v3.13.3/sops-v3.13.3.intoto.jsonl"

[tools."aqua:getsops/sops"."platforms.macos-x64"]
checksum = "sha256:42162d5cef10b74fcf80a045a70e658d7ce6e63d6ea1be6f347e44015714468d"
url = "https://github.com/getsops/sops/releases/download/v3.13.3/sops-v3.13.3.darwin.amd64"
url_api = "https://api.github.com/repos/getsops/sops/releases/assets/486808228"

[tools."aqua:getsops/sops"."platforms.macos-x64".provenance.slsa]
url = "https://github.com/getsops/sops/releases/download/v3.13.3/sops-v3.13.3.intoto.jsonl"

[tools."aqua:getsops/sops"."platforms.windows-x64"]
checksum = "sha256:a4a9a398858fe8b2ef72d9686d930bf7c5cece9be74ad83ac3b53cfdd70e6b1c"
url = "https://github.com/getsops/sops/releases/download/v3.13.3/sops-v3.13.3.amd64.exe"
url_api = "https://api.github.com/repos/getsops/sops/releases/assets/486808200"

[tools."aqua:getsops/sops"."platforms.windows-x64".provenance.slsa]
url = "https://github.com/getsops/sops/releases/download/v3.13.3/sops-v3.13.3.intoto.jsonl"

[[tools."aqua:hashicorp/terraform"]]
version = "1.15.8"
backend = "aqua:hashicorp/terraform"

[tools."aqua:hashicorp/terraform"."platforms.linux-arm64"]
checksum = "sha256:8891e9dcedc9e3b8950bc6af9d4d8af1f4cfade3062f53b9dc403a89f6ce8c9c"
url = "https://releases.hashicorp.com/terraform/1.15.8/terraform_1.15.8_linux_arm64.zip"

[tools."aqua:hashicorp/terraform"."platforms.linux-arm64-musl"]
checksum = "sha256:8891e9dcedc9e3b8950bc6af9d4d8af1f4cfade3062f53b9dc403a89f6ce8c9c"
url = "https://releases.hashicorp.com/terraform/1.15.8/terraform_1.15.8_linux_arm64.zip"

[tools."aqua:hashicorp/terraform"."platforms.linux-x64"]
checksum = "sha256:d25ce7b6902013ad905db3d2eab0be4cd905887fe88b81a6171b8d5503c31f3d"
url = "https://releases.hashicorp.com/terraform/1.15.8/terraform_1.15.8_linux_amd64.zip"

[tools."aqua:hashicorp/terraform"."platforms.linux-x64-musl"]
checksum = "sha256:d25ce7b6902013ad905db3d2eab0be4cd905887fe88b81a6171b8d5503c31f3d"
url = "https://releases.hashicorp.com/terraform/1.15.8/terraform_1.15.8_linux_amd64.zip"

[tools."aqua:hashicorp/terraform"."platforms.macos-arm64"]
checksum = "sha256:f210110c5698b94d803a7a63cdb0251b5455c150841478808e2bbb343f95ed68"
url = "https://releases.hashicorp.com/terraform/1.15.8/terraform_1.15.8_darwin_arm64.zip"

[tools."aqua:hashicorp/terraform"."platforms.macos-x64"]
checksum = "sha256:e2e812e783771159bf758fd4e55d6dc9bb08f63e2af2c63d212721807a02c5dc"
url = "https://releases.hashicorp.com/terraform/1.15.8/terraform_1.15.8_darwin_amd64.zip"

[tools."aqua:hashicorp/terraform"."platforms.windows-x64"]
checksum = "sha256:2ff41d2129afb1982733c132c61a8d6ef038f879f3aeede7fc28b8b8b24acf02"
url = "https://releases.hashicorp.com/terraform/1.15.8/terraform_1.15.8_windows_amd64.zip"

[[tools."aqua:helm/helm"]]
version = "3.21.4"
backend = "aqua:helm/helm"

[tools."aqua:helm/helm"."platforms.linux-arm64"]
checksum = "sha256:b54c04b4e0b2540bbdc08c17a121dab70e9a2ed0de5705528fec68a5fd3b85a7"
url = "https://get.helm.sh/helm-v3.21.4-linux-arm64.tar.gz"

[tools."aqua:helm/helm"."platforms.linux-arm64-musl"]
checksum = "sha256:b54c04b4e0b2540bbdc08c17a121dab70e9a2ed0de5705528fec68a5fd3b85a7"
url = "https://get.helm.sh/helm-v3.21.4-linux-arm64.tar.gz"

[tools."aqua:helm/helm"."platforms.linux-x64"]
checksum = "sha256:61f88ab166748cb19604d7884cb100ae9ccb13804ddeb98e08af167eacbb6a14"
url = "https://get.helm.sh/helm-v3.21.4-linux-amd64.tar.gz"

[tools."aqua:helm/helm"."platforms.linux-x64-musl"]
checksum = "sha256:61f88ab166748cb19604d7884cb100ae9ccb13804ddeb98e08af167eacbb6a14"
url = "https://get.helm.sh/helm-v3.21.4-linux-amd64.tar.gz"

[tools."aqua:helm/helm"."platforms.macos-arm64"]
checksum = "sha256:6e0bf5eb6daafc2b1ec34bb5ba04ef103f3afc16192fb19805c2924d7ea1033f"
url = "https://get.helm.sh/helm-v3.21.4-darwin-arm64.tar.gz"

[tools."aqua:helm/helm"."platforms.macos-x64"]
checksum = "sha256:9173d05edf9592c6be1d0412ffafd935448dfc7a63c2bc732b8c67e55503e8a8"
url = "https://get.helm.sh/helm-v3.21.4-darwin-amd64.tar.gz"

[tools."aqua:helm/helm"."platforms.windows-x64"]
checksum = "sha256:cc9e4589d6f459a522eefc56b15636dd6e949f103de63bfb944f38d898609457"
url = "https://get.helm.sh/helm-v3.21.4-windows-amd64.tar.gz"

[[tools."aqua:istio/istio/istioctl"]]
version = "1.25.0"
backend = "aqua:istio/istio/istioctl"

[tools."aqua:istio/istio/istioctl"."platforms.linux-arm64"]
checksum = "sha256:72ab1f8b051fccf8bbc61473895d60de6bda7cdc4cfb01b4a95742069831c178"
url = "https://github.com/istio/istio/releases/download/1.25.0/istioctl-1.25.0-linux-arm64.tar.gz"
url_api = "https://api.github.com/repos/istio/istio/releases/assets/234324983"

[tools."aqua:istio/istio/istioctl"."platforms.linux-arm64-musl"]
checksum = "sha256:72ab1f8b051fccf8bbc61473895d60de6bda7cdc4cfb01b4a95742069831c178"
url = "https://github.com/istio/istio/releases/download/1.25.0/istioctl-1.25.0-linux-arm64.tar.gz"
url_api = "https://api.github.com/repos/istio/istio/releases/assets/234324983"

[tools."aqua:istio/istio/istioctl"."platforms.linux-x64"]
checksum = "sha256:2b4aaf4bd815d86eb11cea44ce1e3dc2e405569104a9d6ac35ee265f036561ec"
url = "https://github.com/istio/istio/releases/download/1.25.0/istioctl-1.25.0-linux-amd64.tar.gz"
url_api = "https://api.github.com/repos/istio/istio/releases/assets/234324978"

[tools."aqua:istio/istio/istioctl"."platforms.linux-x64-musl"]
checksum = "sha256:2b4aaf4bd815d86eb11cea44ce1e3dc2e405569104a9d6ac35ee265f036561ec"
url = "https://github.com/istio/istio/releases/download/1.25.0/istioctl-1.25.0-linux-amd64.tar.gz"
url_api = "https://api.github.com/repos/istio/istio/releases/assets/234324978"

[tools."aqua:istio/istio/istioctl"."platforms.macos-arm64"]
checksum = "sha256:66dbfca82d7958e4f9bf9244cd4d9b3932eefe452883e41ed5d5f17e076f118c"
url = "https://github.com/istio/istio/releases/download/1.25.0/istioctl-1.25.0-osx-arm64.tar.gz"
url_api = "https://api.github.com/repos/istio/istio/releases/assets/234325005"

[tools."aqua:istio/istio/istioctl"."platforms.macos-x64"]
checksum = "sha256:25c5fa91f75399cd3b83e107c7d0c4f50434ef209cc6bf46d40855969fb98896"
url = "https://github.com/istio/istio/releases/download/1.25.0/istioctl-1.25.0-osx.tar.gz"
url_api = "https://api.github.com/repos/istio/istio/releases/assets/234325010"

[tools."aqua:istio/istio/istioctl"."platforms.windows-x64"]
checksum = "sha256:45d18129cdf8f02281a58602edfea21a222b65ebcea3f2737f579a366a00f690"
url = "https://github.com/istio/istio/releases/download/1.25.0/istioctl-1.25.0-win.zip"
url_api = "https://api.github.com/repos/istio/istio/releases/assets/234325025"

[[tools."aqua:k3d-io/k3d"]]
version = "5.9.0"
backend = "aqua:k3d-io/k3d"

[tools."aqua:k3d-io/k3d"."platforms.linux-arm64"]
checksum = "sha256:03cde5cf23e6e8e67de5a039ecf26e5b85aca82fba3e5d13dadf904cd218a250"
url = "https://github.com/k3d-io/k3d/releases/download/v5.9.0/k3d-linux-arm64"
url_api = "https://api.github.com/repos/k3d-io/k3d/releases/assets/436305757"

[tools."aqua:k3d-io/k3d"."platforms.linux-arm64-musl"]
checksum = "sha256:03cde5cf23e6e8e67de5a039ecf26e5b85aca82fba3e5d13dadf904cd218a250"
url = "https://github.com/k3d-io/k3d/releases/download/v5.9.0/k3d-linux-arm64"
url_api = "https://api.github.com/repos/k3d-io/k3d/releases/assets/436305757"

[tools."aqua:k3d-io/k3d"."platforms.linux-x64"]
checksum = "sha256:06d8f25bc3a971c4eb29e0ff08429b180402db0f4dec838c9eac427e296800a0"
url = "https://github.com/k3d-io/k3d/releases/download/v5.9.0/k3d-linux-amd64"
url_api = "https://api.github.com/repos/k3d-io/k3d/releases/assets/436305793"

[tools."aqua:k3d-io/k3d"."platforms.linux-x64-musl"]
checksum = "sha256:06d8f25bc3a971c4eb29e0ff08429b180402db0f4dec838c9eac427e296800a0"
url = "https://github.com/k3d-io/k3d/releases/download/v5.9.0/k3d-linux-amd64"
url_api = "https://api.github.com/repos/k3d-io/k3d/releases/assets/436305793"

[tools."aqua:k3d-io/k3d"."platforms.macos-arm64"]
checksum = "sha256:fe106541d5d0a3f18debcd4d432a16f8c0ce3e6ddc06f8fbb6f696a122313e00"
url = "https://github.com/k3d-io/k3d/releases/download/v5.9.0/k3d-darwin-arm64"
url_api = "https://api.github.com/repos/k3d-io/k3d/releases/assets/436305875"

[tools."aqua:k3d-io/k3d"."platforms.macos-x64"]
checksum = "sha256:b4aabc37534f95b9c764e7823f2df923f50d57600837aa60a06266cce47db732"
url = "https://github.com/k3d-io/k3d/releases/download/v5.9.0/k3d-darwin-amd64"
url_api = "https://api.github.com/repos/k3d-io/k3d/releases/assets/436305915"

[tools."aqua:k3d-io/k3d"."platforms.windows-x64"]
checksum = "sha256:49d0b9c796f5b8ba6f58a1dd5469e8b7b34bf9b6ce9078633eedb2789680a034"
url = "https://github.com/k3d-io/k3d/releases/download/v5.9.0/k3d-windows-amd64.exe"
url_api = "https://api.github.com/repos/k3d-io/k3d/releases/assets/436305724"

[[tools."aqua:kubernetes/kubernetes/kubectl"]]
version = "1.31.0"
backend = "aqua:kubernetes/kubernetes/kubectl"

[tools."aqua:kubernetes/kubernetes/kubectl"."platforms.linux-arm64"]
checksum = "sha256:f42832db7d77897514639c6df38214a6d8ae1262ee34943364ec1ffaee6c009c"
url = "https://dl.k8s.io/v1.31.0/bin/linux/arm64/kubectl"

[tools."aqua:kubernetes/kubernetes/kubectl"."platforms.linux-arm64-musl"]
checksum = "sha256:f42832db7d77897514639c6df38214a6d8ae1262ee34943364ec1ffaee6c009c"
url = "https://dl.k8s.io/v1.31.0/bin/linux/arm64/kubectl"

[tools."aqua:kubernetes/kubernetes/kubectl"."platforms.linux-x64"]
checksum = "sha256:7c27adc64a84d1c0cc3dcf7bf4b6e916cc00f3f576a2dbac51b318d926032437"
url = "https://dl.k8s.io/v1.31.0/bin/linux/amd64/kubectl"

[tools."aqua:kubernetes/kubernetes/kubectl"."platforms.linux-x64-musl"]
checksum = "sha256:7c27adc64a84d1c0cc3dcf7bf4b6e916cc00f3f576a2dbac51b318d926032437"
url = "https://dl.k8s.io/v1.31.0/bin/linux/amd64/kubectl"

[tools."aqua:kubernetes/kubernetes/kubectl"."platforms.macos-arm64"]
checksum = "sha256:b7472df17a885574ed7273947a8a274c156357db21b981208e8e109b9ed4022d"
url = "https://dl.k8s.io/v1.31.0/bin/darwin/arm64/kubectl"

[tools."aqua:kubernetes/kubernetes/kubectl"."platforms.macos-x64"]
checksum = "sha256:fb6e07a69acc4e16885eda55b524c13b84bfbcf78cfac8d6c378d2bad321e105"
url = "https://dl.k8s.io/v1.31.0/bin/darwin/amd64/kubectl"

[tools."aqua:kubernetes/kubernetes/kubectl"."platforms.windows-x64"]
checksum = "sha256:a618de26c86421a394de7041f9d0a87752dd4e555894d2278421cf12097fa531"
url = "https://dl.k8s.io/v1.31.0/bin/windows/amd64/kubectl.exe"

[[tools."aqua:mikefarah/yq"]]
version = "4.53.3"
backend = "aqua:mikefarah/yq"

[tools."aqua:mikefarah/yq"."platforms.linux-arm64"]
checksum = "sha256:578648e463a11c1b6db6010cbf41eafed6bee79466fcffa1bb446672cf7945ea"
url = "https://github.com/mikefarah/yq/releases/download/v4.53.3/yq_linux_arm64"
url_api = "https://api.github.com/repos/mikefarah/yq/releases/assets/440146727"
provenance = "cosign"

[tools."aqua:mikefarah/yq"."platforms.linux-arm64-musl"]
checksum = "sha256:578648e463a11c1b6db6010cbf41eafed6bee79466fcffa1bb446672cf7945ea"
url = "https://github.com/mikefarah/yq/releases/download/v4.53.3/yq_linux_arm64"
url_api = "https://api.github.com/repos/mikefarah/yq/releases/assets/440146727"
provenance = "cosign"

[tools."aqua:mikefarah/yq"."platforms.linux-x64"]
checksum = "sha512:2148f058b3d9be6348c7f261f504e53c52ffc4addccc9659a82866e73bca0ac62f9443d146932c547efe54748700ac5a1633d9aff01ba5605eeddbf58ff880b5"
url = "https://github.com/mikefarah/yq/releases/download/v4.53.3/yq_linux_amd64"
url_api = "https://api.github.com/repos/mikefarah/yq/releases/assets/440146735"
provenance = "cosign"

[tools."aqua:mikefarah/yq"."platforms.linux-x64-musl"]
checksum = "sha256:fa52a4e758c63d38299163fbdd1edfb4c4963247918bf9c1c5d31d84789eded4"
url = "https://github.com/mikefarah/yq/releases/download/v4.53.3/yq_linux_amd64"
url_api = "https://api.github.com/repos/mikefarah/yq/releases/assets/440146735"
provenance = "cosign"

[tools."aqua:mikefarah/yq"."platforms.macos-arm64"]
checksum = "sha256:877de31753a4dd2401aa048937aa9a7fc4d5f6ce858cf31508c5802954297213"
url = "https://github.com/mikefarah/yq/releases/download/v4.53.3/yq_darwin_arm64"
url_api = "https://api.github.com/repos/mikefarah/yq/releases/assets/440146762"
provenance = "cosign"

[tools."aqua:mikefarah/yq"."platforms.macos-x64"]
checksum = "sha256:b4ba1ecce3c47f00803f4f964de38394326c7a32eb6540616e04fb2935a0f08d"
url = "https://github.com/mikefarah/yq/releases/download/v4.53.3/yq_darwin_amd64"
url_api = "https://api.github.com/repos/mikefarah/yq/releases/assets/440146744"
provenance = "cosign"

[tools."aqua:mikefarah/yq"."platforms.windows-x64"]
checksum = "sha256:e279bc506a452eeafcdf364f91a025455e402a8001169083caf01f4b64a544e2"
url = "https://github.com/mikefarah/yq/releases/download/v4.53.3/yq_windows_amd64.exe"
url_api = "https://api.github.com/repos/mikefarah/yq/releases/assets/440146721"
provenance = "cosign"

[[tools."aqua:open-policy-agent/conftest"]]
version = "0.58.0"
backend = "aqua:open-policy-agent/conftest"

[tools."aqua:open-policy-agent/conftest"."platforms.linux-arm64"]
checksum = "sha256:c2fc23f46275b25a0fa3e132ddea4cb48c86669a380b1faf9c99dc0877a12ce6"
url = "https://github.com/open-policy-agent/conftest/releases/download/v0.58.0/conftest_0.58.0_Linux_arm64.tar.gz"
url_api = "https://api.github.com/repos/open-policy-agent/conftest/releases/assets/233758189"

[tools."aqua:open-policy-agent/conftest"."platforms.linux-arm64-musl"]
checksum = "sha256:c2fc23f46275b25a0fa3e132ddea4cb48c86669a380b1faf9c99dc0877a12ce6"
url = "https://github.com/open-policy-agent/conftest/releases/download/v0.58.0/conftest_0.58.0_Linux_arm64.tar.gz"
url_api = "https://api.github.com/repos/open-policy-agent/conftest/releases/assets/233758189"

[tools."aqua:open-policy-agent/conftest"."platforms.linux-x64"]
checksum = "sha256:0863738f798c1850269a121ef56c2df1ab88074204c480f282f3baf2726898fd"
url = "https://github.com/open-policy-agent/conftest/releases/download/v0.58.0/conftest_0.58.0_Linux_x86_64.tar.gz"
url_api = "https://api.github.com/repos/open-policy-agent/conftest/releases/assets/233758181"

[tools."aqua:open-policy-agent/conftest"."platforms.linux-x64-musl"]
checksum = "sha256:0863738f798c1850269a121ef56c2df1ab88074204c480f282f3baf2726898fd"
url = "https://github.com/open-policy-agent/conftest/releases/download/v0.58.0/conftest_0.58.0_Linux_x86_64.tar.gz"
url_api = "https://api.github.com/repos/open-policy-agent/conftest/releases/assets/233758181"

[tools."aqua:open-policy-agent/conftest"."platforms.macos-arm64"]
checksum = "sha256:cbc1b302d693e3bc9544e78793aea5a6677371986e74094f03357980b4d099a5"
url = "https://github.com/open-policy-agent/conftest/releases/download/v0.58.0/conftest_0.58.0_Darwin_arm64.tar.gz"
url_api = "https://api.github.com/repos/open-policy-agent/conftest/releases/assets/233758186"

[tools."aqua:open-policy-agent/conftest"."platforms.macos-x64"]
checksum = "sha256:0710d6f0cb6852de2807d6b7747b99ff736cba53bdd0188a1798e560d54bd3f6"
url = "https://github.com/open-policy-agent/conftest/releases/download/v0.58.0/conftest_0.58.0_Darwin_x86_64.tar.gz"
url_api = "https://api.github.com/repos/open-policy-agent/conftest/releases/assets/233758187"

[tools."aqua:open-policy-agent/conftest"."platforms.windows-x64"]
checksum = "sha256:73456cba4ba50276066fe166ef68cdf2a9f32bcf348a66a6d2de8351a6d1445b"
url = "https://github.com/open-policy-agent/conftest/releases/download/v0.58.0/conftest_0.58.0_Windows_x86_64.zip"
url_api = "https://api.github.com/repos/open-policy-agent/conftest/releases/assets/233758182"

[[tools."aqua:open-policy-agent/opa"]]
version = "1.19.0"
backend = "aqua:open-policy-agent/opa"

[tools."aqua:open-policy-agent/opa"."platforms.linux-arm64"]
checksum = "sha256:06680087ed236c8c6aaa021660d83178db829a2ad30bdb3482481fada6791b2a"
url = "https://github.com/open-policy-agent/opa/releases/download/v1.19.0/opa_linux_arm64_static"
url_api = "https://api.github.com/repos/open-policy-agent/opa/releases/assets/495800128"

[tools."aqua:open-policy-agent/opa"."platforms.linux-arm64-musl"]
checksum = "sha256:06680087ed236c8c6aaa021660d83178db829a2ad30bdb3482481fada6791b2a"
url = "https://github.com/open-policy-agent/opa/releases/download/v1.19.0/opa_linux_arm64_static"
url_api = "https://api.github.com/repos/open-policy-agent/opa/releases/assets/495800128"

[tools."aqua:open-policy-agent/opa"."platforms.linux-x64"]
checksum = "sha256:1dd5c5591ff856f5e20a1d66bafae9511ddf3c5552ed3b5070c70b2b6580ee3f"
url = "https://github.com/open-policy-agent/opa/releases/download/v1.19.0/opa_linux_amd64_static"
url_api = "https://api.github.com/repos/open-policy-agent/opa/releases/assets/495800110"

[tools."aqua:open-policy-agent/opa"."platforms.linux-x64-musl"]
checksum = "sha256:1dd5c5591ff856f5e20a1d66bafae9511ddf3c5552ed3b5070c70b2b6580ee3f"
url = "https://github.com/open-policy-agent/opa/releases/download/v1.19.0/opa_linux_amd64_static"
url_api = "https://api.github.com/repos/open-policy-agent/opa/releases/assets/495800110"

[tools."aqua:open-policy-agent/opa"."platforms.macos-arm64"]
checksum = "sha256:6de003137cc54b65cb4a6a9c7cf6b29a248f10c1c16fc34f793a8a83b5f9d004"
url = "https://github.com/open-policy-agent/opa/releases/download/v1.19.0/opa_darwin_arm64_static"
url_api = "https://api.github.com/repos/open-policy-agent/opa/releases/assets/495800084"

[tools."aqua:open-policy-agent/opa"."platforms.macos-x64"]
checksum = "sha256:a6bb096502d176a23b721e023f3ca615a0e4773fec69511143093a2281118f5c"
url = "https://github.com/open-policy-agent/opa/releases/download/v1.19.0/opa_darwin_amd64"
url_api = "https://api.github.com/repos/open-policy-agent/opa/releases/assets/495800087"

[tools."aqua:open-policy-agent/opa"."platforms.windows-x64"]
checksum = "sha256:ed4ee673b2182352af3a9d5f0de4a74d23a063cbbb447723fb21ac5ead8cd599"
url = "https://github.com/open-policy-agent/opa/releases/download/v1.19.0/opa_windows_amd64.exe"
url_api = "https://api.github.com/repos/open-policy-agent/opa/releases/assets/495800130"

[[tools."github:str4d/age-plugin-yubikey"]]
version = "0.5.0"
backend = "github:str4d/age-plugin-yubikey"

[tools."github:str4d/age-plugin-yubikey"."platforms.linux-x64"]
checksum = "blake3:9d2a11d4e9299f45f77f2273cccd80fae330412451dabac153c9788f8ac2b6ec"
url = "https://github.com/str4d/age-plugin-yubikey/releases/download/v0.5.0/age-plugin-yubikey-v0.5.0-x86_64-linux.tar.gz"
url_api = "https://api.github.com/repos/str4d/age-plugin-yubikey/releases/assets/183756217"

[tools."github:str4d/age-plugin-yubikey"."platforms.linux-x64-musl"]
url = "https://github.com/str4d/age-plugin-yubikey/releases/download/v0.5.0/age-plugin-yubikey-v0.5.0-x86_64-linux.tar.gz"
url_api = "https://api.github.com/repos/str4d/age-plugin-yubikey/releases/assets/183756217"

[tools."github:str4d/age-plugin-yubikey"."platforms.macos-arm64"]
url = "https://github.com/str4d/age-plugin-yubikey/releases/download/v0.5.0/age-plugin-yubikey-v0.5.0-arm64-darwin.tar.gz"
url_api = "https://api.github.com/repos/str4d/age-plugin-yubikey/releases/assets/183756180"

[tools."github:str4d/age-plugin-yubikey"."platforms.windows-x64"]
url = "https://github.com/str4d/age-plugin-yubikey/releases/download/v0.5.0/age-plugin-yubikey-v0.5.0-x86_64-windows.zip"
url_api = "https://api.github.com/repos/str4d/age-plugin-yubikey/releases/assets/183756347"
